
Microsoft Visual Studio Solution File, Format Version 12.00
# Visual Studio Version 17
VisualStudioVersion = 17.6.33829.357
MinimumVisualStudioVersion = 10.0.40219.1
Project("{FAE04EC0-301F-11D3-BF4B-00C04F79EFBC}") = "UserManagement_Api", "UserManagement_Api\UserManagement_Api.csproj", "{6E063EBA-B486-4511-B3BC-A595CF114127}"
EndProject
Project("{FAE04EC0-301F-11D3-BF4B-00C04F79EFBC}") = "UserManagement_DB", "UserManagement_DB\UserManagement_DB.csproj", "{3C02E20D-AF2D-495C-9614-5C9436F1DEE3}"
EndProject
Project("{FAE04EC0-301F-11D3-BF4B-00C04F79EFBC}") = "UserManegement_Repositories", "UserManegement_Repositories\UserManegement_Repositories.csproj", "{C1BE8B4D-E131-48D5-BAF8-942C9AE21343}"
EndProject
Global
	GlobalSection(SolutionConfigurationPlatforms) = preSolution
		Debug|Any CPU = Debug|Any CPU
		Release|Any CPU = Release|Any CPU
	EndGlobalSection
	GlobalSection(ProjectConfigurationPlatforms) = postSolution
		{6E063EBA-B486-4511-B3BC-A595CF114127}.Debug|Any CPU.ActiveCfg = Debug|Any CPU
		{6E063EBA-B486-4511-B3BC-A595CF114127}.Debug|Any CPU.Build.0 = Debug|Any CPU
		{6E063EBA-B486-4511-B3BC-A595CF114127}.Release|Any CPU.ActiveCfg = Release|Any CPU
		{6E063EBA-B486-4511-B3BC-A595CF114127}.Release|Any CPU.Build.0 = Release|Any CPU
		{3C02E20D-AF2D-495C-9614-5C9436F1DEE3}.Debug|Any CPU.ActiveCfg = Debug|Any CPU
		{3C02E20D-AF2D-495C-9614-5C9436F1DEE3}.Debug|Any CPU.Build.0 = Debug|Any CPU
		{3C02E20D-AF2D-495C-9614-5C9436F1DEE3}.Release|Any CPU.ActiveCfg = Release|Any CPU
		{3C02E20D-AF2D-495C-9614-5C9436F1DEE3}.Release|Any CPU.Build.0 = Release|Any CPU
		{C1BE8B4D-E131-48D5-BAF8-942C9AE21343}.Debug|Any CPU.ActiveCfg = Debug|Any CPU
		{C1BE8B4D-E131-48D5-BAF8-942C9AE21343}.Debug|Any CPU.Build.0 = Debug|Any CPU
		{C1BE8B4D-E131-48D5-BAF8-942C9AE21343}.Release|Any CPU.ActiveCfg = Release|Any CPU
		{C1BE8B4D-E131-48D5-BAF8-942C9AE21343}.Release|Any CPU.Build.0 = Release|Any CPU
	EndGlobalSection
	GlobalSection(SolutionProperties) = preSolution
		HideSolutionNode = FALSE
	EndGlobalSection
	GlobalSection(ExtensibilityGlobals) = postSolution
		SolutionGuid = {9D86C0D9-6A0F-4233-9840-EE5B6D9BA312}
	EndGlobalSection
EndGlobal
